
Microsoft Visual Studio Solution File, Format Version 12.00
# Visual Studio 14
VisualStudioVersion = 14.0.25420.1
MinimumVisualStudioVersion = 10.0.40219.1
Project("{2150E333-8FDC-42A3-9474-1A3956D46DE8}") = "Common", "Common", "{A0470C59-C03E-4829-9D36-A6B5A603FDFE}"
EndProject
Project("{FAE04EC0-301F-11D3-BF4B-00C04F79EFBC}") = "Game.Kernel", "Common\Game.Kernel\Game.Kernel.csproj", "{65A5648C-2D45-4F45-B869-5E73A8E37E41}"
EndProject
Project("{FAE04EC0-301F-11D3-BF4B-00C04F79EFBC}") = "Game.Utils", "Common\Game.Utils\Game.Utils.csproj", "{AA0752F8-22AC-409F-A500-40A81B9C5D06}"
EndProject
Project("{2150E333-8FDC-42A3-9474-1A3956D46DE8}") = "Extension", "Extension", "{2194D6A0-AD75-4BCA-86D4-0DC05E19BAE0}"
EndProject
Project("{FAE04EC0-301F-11D3-BF4B-00C04F79EFBC}") = "Business", "Extentsion\Business\Business.csproj", "{A5D1EE6C-301C-49C8-9CF2-1AD03F0DCB32}"
EndProject
Project("{FAE04EC0-301F-11D3-BF4B-00C04F79EFBC}") = "DataAccess", "Extentsion\DataAccess\DataAccess.csproj", "{8C01FF66-672E-4275-989A-CFB4F1AE0790}"
EndProject
Project("{FAE04EC0-301F-11D3-BF4B-00C04F79EFBC}") = "DbEntity", "Extentsion\DbEntity\DbEntity.csproj", "{9AFE3202-50A4-4046-A2B9-63A52D7B364E}"
EndProject
Project("{FAE04EC0-301F-11D3-BF4B-00C04F79EFBC}") = "DbHelper", "Extentsion\DbHelper\DbHelper.csproj", "{AAF6F010-245E-4EDA-B3B8-06796080974B}"
EndProject
Project("{2150E333-8FDC-42A3-9474-1A3956D46DE8}") = "Services", "Services", "{442A7A27-4B9D-4207-81E5-D3DAD987DA66}"
EndProject
Project("{FAE04EC0-301F-11D3-BF4B-00C04F79EFBC}") = "Game.Data", "Services\Game.Data\Game.Data.csproj", "{886F508D-C039-4968-97CB-32A75E14C8B0}"
EndProject
Project("{FAE04EC0-301F-11D3-BF4B-00C04F79EFBC}") = "Game.Entity", "Services\Game.Entity\Game.Entity.csproj", "{B1C68DA4-20F2-45ED-A567-73B369EA36D5}"
EndProject
Project("{FAE04EC0-301F-11D3-BF4B-00C04F79EFBC}") = "Game.Facade", "Services\Game.Facade\Game.Facade.csproj", "{27CA8135-4237-4070-9223-EB59FEFC3842}"
EndProject
Project("{FAE04EC0-301F-11D3-BF4B-00C04F79EFBC}") = "Game.IData", "Services\Game.IData\Game.IData.csproj", "{1077E043-B4D2-4172-A650-CB865DA31AF2}"
EndProject
Project("{FAE04EC0-301F-11D3-BF4B-00C04F79EFBC}") = "QPAgent.WebServices", "QPAgent.WebServices\QPAgent.WebServices.csproj", "{92B531EF-F515-4BCF-A08C-C5513F516D7B}"
EndProject
Project("{FAE04EC0-301F-11D3-BF4B-00C04F79EFBC}") = "Game.WebServices", "Game.WebServices\Game.WebServices.csproj", "{9B0DA46C-1288-48DB-A206-276D4C51C953}"
EndProject
Project("{FAE04EC0-301F-11D3-BF4B-00C04F79EFBC}") = "PlatTaskService2", "PlatTaskService2\PlatTaskService2.csproj", "{35A52CCE-A650-40C2-BF1A-D5774D2003BE}"
EndProject
Project("{FAE04EC0-301F-11D3-BF4B-00C04F79EFBC}") = "PlanTaskService", "PlanTaskService\PlanTaskService.csproj", "{40858FBC-C18F-4D42-B4AE-C6C8B02C7A7C}"
EndProject
Project("{FAE04EC0-301F-11D3-BF4B-00C04F79EFBC}") = "QPAgent.Web", "QPAgent.Web\QPAgent.Web.csproj", "{D2C53A26-286B-47DC-9594-0E6598CA836C}"
EndProject
Global
	GlobalSection(SolutionConfigurationPlatforms) = preSolution
		Debug|Any CPU = Debug|Any CPU
		Release|Any CPU = Release|Any CPU
	EndGlobalSection
	GlobalSection(ProjectConfigurationPlatforms) = postSolution
		{65A5648C-2D45-4F45-B869-5E73A8E37E41}.Debug|Any CPU.ActiveCfg = Debug|Any CPU
		{65A5648C-2D45-4F45-B869-5E73A8E37E41}.Debug|Any CPU.Build.0 = Debug|Any CPU
		{65A5648C-2D45-4F45-B869-5E73A8E37E41}.Release|Any CPU.ActiveCfg = Release|Any CPU
		{65A5648C-2D45-4F45-B869-5E73A8E37E41}.Release|Any CPU.Build.0 = Release|Any CPU
		{AA0752F8-22AC-409F-A500-40A81B9C5D06}.Debug|Any CPU.ActiveCfg = Debug|Any CPU
		{AA0752F8-22AC-409F-A500-40A81B9C5D06}.Debug|Any CPU.Build.0 = Debug|Any CPU
		{AA0752F8-22AC-409F-A500-40A81B9C5D06}.Release|Any CPU.ActiveCfg = Release|Any CPU
		{AA0752F8-22AC-409F-A500-40A81B9C5D06}.Release|Any CPU.Build.0 = Release|Any CPU
		{A5D1EE6C-301C-49C8-9CF2-1AD03F0DCB32}.Debug|Any CPU.ActiveCfg = Debug|Any CPU
		{A5D1EE6C-301C-49C8-9CF2-1AD03F0DCB32}.Debug|Any CPU.Build.0 = Debug|Any CPU
		{A5D1EE6C-301C-49C8-9CF2-1AD03F0DCB32}.Release|Any CPU.ActiveCfg = Release|Any CPU
		{A5D1EE6C-301C-49C8-9CF2-1AD03F0DCB32}.Release|Any CPU.Build.0 = Release|Any CPU
		{8C01FF66-672E-4275-989A-CFB4F1AE0790}.Debug|Any CPU.ActiveCfg = Debug|Any CPU
		{8C01FF66-672E-4275-989A-CFB4F1AE0790}.Debug|Any CPU.Build.0 = Debug|Any CPU
		{8C01FF66-672E-4275-989A-CFB4F1AE0790}.Release|Any CPU.ActiveCfg = Release|Any CPU
		{8C01FF66-672E-4275-989A-CFB4F1AE0790}.Release|Any CPU.Build.0 = Release|Any CPU
		{9AFE3202-50A4-4046-A2B9-63A52D7B364E}.Debug|Any CPU.ActiveCfg = Debug|Any CPU
		{9AFE3202-50A4-4046-A2B9-63A52D7B364E}.Debug|Any CPU.Build.0 = Debug|Any CPU
		{9AFE3202-50A4-4046-A2B9-63A52D7B364E}.Release|Any CPU.ActiveCfg = Release|Any CPU
		{9AFE3202-50A4-4046-A2B9-63A52D7B364E}.Release|Any CPU.Build.0 = Release|Any CPU
		{AAF6F010-245E-4EDA-B3B8-06796080974B}.Debug|Any CPU.ActiveCfg = Debug|Any CPU
		{AAF6F010-245E-4EDA-B3B8-06796080974B}.Debug|Any CPU.Build.0 = Debug|Any CPU
		{AAF6F010-245E-4EDA-B3B8-06796080974B}.Release|Any CPU.ActiveCfg = Release|Any CPU
		{AAF6F010-245E-4EDA-B3B8-06796080974B}.Release|Any CPU.Build.0 = Release|Any CPU
		{886F508D-C039-4968-97CB-32A75E14C8B0}.Debug|Any CPU.ActiveCfg = Debug|Any CPU
		{886F508D-C039-4968-97CB-32A75E14C8B0}.Debug|Any CPU.Build.0 = Debug|Any CPU
		{886F508D-C039-4968-97CB-32A75E14C8B0}.Release|Any CPU.ActiveCfg = Release|Any CPU
		{886F508D-C039-4968-97CB-32A75E14C8B0}.Release|Any CPU.Build.0 = Release|Any CPU
		{B1C68DA4-20F2-45ED-A567-73B369EA36D5}.Debug|Any CPU.ActiveCfg = Debug|Any CPU
		{B1C68DA4-20F2-45ED-A567-73B369EA36D5}.Debug|Any CPU.Build.0 = Debug|Any CPU
		{B1C68DA4-20F2-45ED-A567-73B369EA36D5}.Release|Any CPU.ActiveCfg = Release|Any CPU
		{B1C68DA4-20F2-45ED-A567-73B369EA36D5}.Release|Any CPU.Build.0 = Release|Any CPU
		{27CA8135-4237-4070-9223-EB59FEFC3842}.Debug|Any CPU.ActiveCfg = Debug|Any CPU
		{27CA8135-4237-4070-9223-EB59FEFC3842}.Debug|Any CPU.Build.0 = Debug|Any CPU
		{27CA8135-4237-4070-9223-EB59FEFC3842}.Release|Any CPU.ActiveCfg = Release|Any CPU
		{27CA8135-4237-4070-9223-EB59FEFC3842}.Release|Any CPU.Build.0 = Release|Any CPU
		{1077E043-B4D2-4172-A650-CB865DA31AF2}.Debug|Any CPU.ActiveCfg = Debug|Any CPU
		{1077E043-B4D2-4172-A650-CB865DA31AF2}.Debug|Any CPU.Build.0 = Debug|Any CPU
		{1077E043-B4D2-4172-A650-CB865DA31AF2}.Release|Any CPU.ActiveCfg = Release|Any CPU
		{1077E043-B4D2-4172-A650-CB865DA31AF2}.Release|Any CPU.Build.0 = Release|Any CPU
		{92B531EF-F515-4BCF-A08C-C5513F516D7B}.Debug|Any CPU.ActiveCfg = Debug|Any CPU
		{92B531EF-F515-4BCF-A08C-C5513F516D7B}.Debug|Any CPU.Build.0 = Debug|Any CPU
		{92B531EF-F515-4BCF-A08C-C5513F516D7B}.Release|Any CPU.ActiveCfg = Release|Any CPU
		{92B531EF-F515-4BCF-A08C-C5513F516D7B}.Release|Any CPU.Build.0 = Release|Any CPU
		{9B0DA46C-1288-48DB-A206-276D4C51C953}.Debug|Any CPU.ActiveCfg = Debug|Any CPU
		{9B0DA46C-1288-48DB-A206-276D4C51C953}.Debug|Any CPU.Build.0 = Debug|Any CPU
		{9B0DA46C-1288-48DB-A206-276D4C51C953}.Release|Any CPU.ActiveCfg = Release|Any CPU
		{9B0DA46C-1288-48DB-A206-276D4C51C953}.Release|Any CPU.Build.0 = Release|Any CPU
		{35A52CCE-A650-40C2-BF1A-D5774D2003BE}.Debug|Any CPU.ActiveCfg = Debug|Any CPU
		{35A52CCE-A650-40C2-BF1A-D5774D2003BE}.Debug|Any CPU.Build.0 = Debug|Any CPU
		{35A52CCE-A650-40C2-BF1A-D5774D2003BE}.Release|Any CPU.ActiveCfg = Release|Any CPU
		{35A52CCE-A650-40C2-BF1A-D5774D2003BE}.Release|Any CPU.Build.0 = Release|Any CPU
		{40858FBC-C18F-4D42-B4AE-C6C8B02C7A7C}.Debug|Any CPU.ActiveCfg = Debug|Any CPU
		{40858FBC-C18F-4D42-B4AE-C6C8B02C7A7C}.Debug|Any CPU.Build.0 = Debug|Any CPU
		{40858FBC-C18F-4D42-B4AE-C6C8B02C7A7C}.Release|Any CPU.ActiveCfg = Release|Any CPU
		{40858FBC-C18F-4D42-B4AE-C6C8B02C7A7C}.Release|Any CPU.Build.0 = Release|Any CPU
		{D2C53A26-286B-47DC-9594-0E6598CA836C}.Debug|Any CPU.ActiveCfg = Debug|Any CPU
		{D2C53A26-286B-47DC-9594-0E6598CA836C}.Debug|Any CPU.Build.0 = Debug|Any CPU
		{D2C53A26-286B-47DC-9594-0E6598CA836C}.Release|Any CPU.ActiveCfg = Release|Any CPU
		{D2C53A26-286B-47DC-9594-0E6598CA836C}.Release|Any CPU.Build.0 = Release|Any CPU
	EndGlobalSection
	GlobalSection(SolutionProperties) = preSolution
		HideSolutionNode = FALSE
	EndGlobalSection
	GlobalSection(NestedProjects) = preSolution
		{65A5648C-2D45-4F45-B869-5E73A8E37E41} = {A0470C59-C03E-4829-9D36-A6B5A603FDFE}
		{AA0752F8-22AC-409F-A500-40A81B9C5D06} = {A0470C59-C03E-4829-9D36-A6B5A603FDFE}
		{A5D1EE6C-301C-49C8-9CF2-1AD03F0DCB32} = {2194D6A0-AD75-4BCA-86D4-0DC05E19BAE0}
		{8C01FF66-672E-4275-989A-CFB4F1AE0790} = {2194D6A0-AD75-4BCA-86D4-0DC05E19BAE0}
		{9AFE3202-50A4-4046-A2B9-63A52D7B364E} = {2194D6A0-AD75-4BCA-86D4-0DC05E19BAE0}
		{AAF6F010-245E-4EDA-B3B8-06796080974B} = {2194D6A0-AD75-4BCA-86D4-0DC05E19BAE0}
		{886F508D-C039-4968-97CB-32A75E14C8B0} = {442A7A27-4B9D-4207-81E5-D3DAD987DA66}
		{B1C68DA4-20F2-45ED-A567-73B369EA36D5} = {442A7A27-4B9D-4207-81E5-D3DAD987DA66}
		{27CA8135-4237-4070-9223-EB59FEFC3842} = {442A7A27-4B9D-4207-81E5-D3DAD987DA66}
		{1077E043-B4D2-4172-A650-CB865DA31AF2} = {442A7A27-4B9D-4207-81E5-D3DAD987DA66}
	EndGlobalSection
EndGlobal
